// !$*UTF8*$!
{
	archiveVersion = 1;
	classes = {
	};
	objectVersion = 56;
	objects = {

/* Begin PBXBuildFile section */
		040952D52965E66800A07BF2 /* AppDelegate.swift in Sources */ = {isa = PBXBuildFile; fileRef = 040952D42965E66800A07BF2 /* AppDelegate.swift */; };
		040952D72965E66800A07BF2 /* SceneDelegate.swift in Sources */ = {isa = PBXBuildFile; fileRef = 040952D62965E66800A07BF2 /* SceneDelegate.swift */; };
		040952D92965E66800A07BF2 /* ViewController.swift in Sources */ = {isa = PBXBuildFile; fileRef = 040952D82965E66800A07BF2 /* ViewController.swift */; };
		040952DC2965E66800A07BF2 /* Main.storyboard in Resources */ = {isa = PBXBuildFile; fileRef = 040952DA2965E66800A07BF2 /* Main.storyboard */; };
		040952DF2965E66800A07BF2 /* NamozVaqitlariAPI.xcdatamodeld in Sources */ = {isa = PBXBuildFile; fileRef = 040952DD2965E66800A07BF2 /* NamozVaqitlariAPI.xcdatamodeld */; };
		040952E12965E66A00A07BF2 /* Assets.xcassets in Resources */ = {isa = PBXBuildFile; fileRef = 040952E02965E66A00A07BF2 /* Assets.xcassets */; };
		040952E42965E66A00A07BF2 /* LaunchScreen.storyboard in Resources */ = {isa = PBXBuildFile; fileRef = 040952E22965E66A00A07BF2 /* LaunchScreen.storyboard */; };
		040952F029669D9600A07BF2 /* DataModel.swift in Sources */ = {isa = PBXBuildFile; fileRef = 040952EF29669D9500A07BF2 /* DataModel.swift */; };
		F459F5DFC8CA7BC710BB6E38 /* Pods_NamozVaqitlariAPI.framework in Frameworks */ = {isa = PBXBuildFile; fileRef = AE71FCE50641AB737871EF32 /* Pods_NamozVaqitlariAPI.framework */; };
/* End PBXBuildFile section */

/* Begin PBXFileReference section */
		040952D12965E66800A07BF2 /* NamozVaqitlariAPI.app */ = {isa = PBXFileReference; explicitFileType = wrapper.application; includeInIndex = 0; path = NamozVaqitlariAPI.app; sourceTree = BUILT_PRODUCTS_DIR; };
		040952D42965E66800A07BF2 /* AppDelegate.swift */ = {isa = PBXFileReference; lastKnownFileType = sourcecode.swift; path = AppDelegate.swift; sourceTree = "<group>"; };
		040952D62965E66800A07BF2 /* SceneDelegate.swift */ = {isa = PBXFileReference; lastKnownFileType = sourcecode.swift; path = SceneDelegate.swift; sourceTree = "<group>"; };
		040952D82965E66800A07BF2 /* ViewController.swift */ = {isa = PBXFileReference; lastKnownFileType = sourcecode.swift; path = ViewController.swift; sourceTree = "<group>"; };
		040952DB2965E66800A07BF2 /* Base */ = {isa = PBXFileReference; lastKnownFileType = file.storyboard; name = Base; path = Base.lproj/Main.storyboard; sourceTree = "<group>"; };
		040952DE2965E66800A07BF2 /* NamozVaqitlariAPI.xcdatamodel */ = {isa = PBXFileReference; lastKnownFileType = wrapper.xcdatamodel; path = NamozVaqitlariAPI.xcdatamodel; sourceTree = "<group>"; };
		040952E02965E66A00A07BF2 /* Assets.xcassets */ = {isa = PBXFileReference; lastKnownFileType = folder.assetcatalog; path = Assets.xcassets; sourceTree = "<group>"; };
		040952E32965E66A00A07BF2 /* Base */ = {isa = PBXFileReference; lastKnownFileType = file.storyboard; name = Base; path = Base.lproj/LaunchScreen.storyboard; sourceTree = "<group>"; };
		040952E52965E66A00A07BF2 /* Info.plist */ = {isa = PBXFileReference; lastKnownFileType = text.plist.xml; path = Info.plist; sourceTree = "<group>"; };
		040952EF29669D9500A07BF2 /* DataModel.swift */ = {isa = PBXFileReference; lastKnownFileType = sourcecode.swift; path = DataModel.swift; sourceTree = "<group>"; };
		0E175B9A1E9B3D284904582D /* Pods-NamozVaqitlariAPI.release.xcconfig */ = {isa = PBXFileReference; includeInIndex = 1; lastKnownFileType = text.xcconfig; name = "Pods-NamozVaqitlariAPI.release.xcconfig"; path = "Target Support Files/Pods-NamozVaqitlariAPI/Pods-NamozVaqitlariAPI.release.xcconfig"; sourceTree = "<group>"; };
		AE71FCE50641AB737871EF32 /* Pods_NamozVaqitlariAPI.framework */ = {isa = PBXFileReference; explicitFileType = wrapper.framework; includeInIndex = 0; path = Pods_NamozVaqitlariAPI.framework; sourceTree = BUILT_PRODUCTS_DIR; };
		D4094E13BE88E4BA50399A74 /* Pods-NamozVaqitlariAPI.debug.xcconfig */ = {isa = PBXFileReference; includeInIndex = 1; lastKnownFileType = text.xcconfig; name = "Pods-NamozVaqitlariAPI.debug.xcconfig"; path = "Target Support Files/Pods-NamozVaqitlariAPI/Pods-NamozVaqitlariAPI.debug.xcconfig"; sourceTree = "<group>"; };
/* End PBXFileReference section */

/* Begin PBXFrameworksBuildPhase section */
		040952CE2965E66800A07BF2 /* Frameworks */ = {
			isa = PBXFrameworksBuildPhase;
			buildActionMask = 2147483647;
			files = (
				F459F5DFC8CA7BC710BB6E38 /* Pods_NamozVaqitlariAPI.framework in Frameworks */,
			);
			runOnlyForDeploymentPostprocessing = 0;
		};
/* End PBXFrameworksBuildPhase section */

/* Begin PBXGroup section */
		040952C82965E66800A07BF2 = {
			isa = PBXGroup;
			children = (
				040952D32965E66800A07BF2 /* NamozVaqitlariAPI */,
				040952D22965E66800A07BF2 /* Products */,
				6F47DBC8EEB848AEE2CC4447 /* Pods */,
				DECF640FEF83815811310F53 /* Frameworks */,
			);
			sourceTree = "<group>";
		};
		040952D22965E66800A07BF2 /* Products */ = {
			isa = PBXGroup;
			children = (
				040952D12965E66800A07BF2 /* NamozVaqitlariAPI.app */,
			);
			name = Products;
			sourceTree = "<group>";
		};
		040952D32965E66800A07BF2 /* NamozVaqitlariAPI */ = {
			isa = PBXGroup;
			children = (
				040952EE2965EAEE00A07BF2 /* App */,
				040952ED2965EAE400A07BF2 /* Model */,
				040952EC2965EADF00A07BF2 /* View */,
				040952EB2965EACF00A07BF2 /* Contoller */,
				040952E02965E66A00A07BF2 /* Assets.xcassets */,
				040952E52965E66A00A07BF2 /* Info.plist */,
				040952DD2965E66800A07BF2 /* NamozVaqitlariAPI.xcdatamodeld */,
			);
			path = NamozVaqitlariAPI;
			sourceTree = "<group>";
		};
		040952EB2965EACF00A07BF2 /* Contoller */ = {
			isa = PBXGroup;
			children = (
				040952D82965E66800A07BF2 /* ViewController.swift */,
			);
			path = Contoller;
			sourceTree = "<group>";
		};
		040952EC2965EADF00A07BF2 /* View */ = {
			isa = PBXGroup;
			children = (
				040952DA2965E66800A07BF2 /* Main.storyboard */,
				040952E22965E66A00A07BF2 /* LaunchScreen.storyboard */,
			);
			path = View;
			sourceTree = "<group>";
		};
		040952ED2965EAE400A07BF2 /* Model */ = {
			isa = PBXGroup;
			children = (
				040952EF29669D9500A07BF2 /* DataModel.swift */,
			);
			path = Model;
			sourceTree = "<group>";
		};
		040952EE2965EAEE00A07BF2 /* App */ = {
			isa = PBXGroup;
			children = (
				040952D62965E66800A07BF2 /* SceneDelegate.swift */,
				040952D42965E66800A07BF2 /* AppDelegate.swift */,
			);
			path = App;
			sourceTree = "<group>";
		};
		6F47DBC8EEB848AEE2CC4447 /* Pods */ = {
			isa = PBXGroup;
			children = (
				D4094E13BE88E4BA50399A74 /* Pods-NamozVaqitlariAPI.debug.xcconfig */,
				0E175B9A1E9B3D284904582D /* Pods-NamozVaqitlariAPI.release.xcconfig */,
			);
			path = Pods;
			sourceTree = "<group>";
		};
		DECF640FEF83815811310F53 /* Frameworks */ = {
			isa = PBXGroup;
			children = (
				AE71FCE50641AB737871EF32 /* Pods_NamozVaqitlariAPI.framework */,
			);
			name = Frameworks;
			sourceTree = "<group>";
		};
/* End PBXGroup section */

/* Begin PBXNativeTarget section */
		040952D02965E66800A07BF2 /* NamozVaqitlariAPI */ = {
			isa = PBXNativeTarget;
			buildConfigurationList = 040952E82965E66A00A07BF2 /* Build configuration list for PBXNativeTarget "NamozVaqitlariAPI" */;
			buildPhases = (
				9A80D51B798B04CB331467C3 /* [CP] Check Pods Manifest.lock */,
				040952CD2965E66800A07BF2 /* Sources */,
				040952CE2965E66800A07BF2 /* Frameworks */,
				040952CF2965E66800A07BF2 /* Resources */,
				3E22215E325EE799DF0853A4 /* [CP] Embed Pods Frameworks */,
			);
			buildRules = (
			);
			dependencies = (
			);
			name = NamozVaqitlariAPI;
			productName = NamozVaqitlariAPI;
			productReference = 040952D12965E66800A07BF2 /* NamozVaqitlariAPI.app */;
			productType = "com.apple.product-type.application";
		};
/* End PBXNativeTarget section */

/* Begin PBXProject section */
		040952C92965E66800A07BF2 /* Project object */ = {
			isa = PBXProject;
			attributes = {
				BuildIndependentTargetsInParallel = 1;
				LastSwiftUpdateCheck = 1420;
				LastUpgradeCheck = 1420;
				TargetAttributes = {
					040952D02965E66800A07BF2 = {
						CreatedOnToolsVersion = 14.2;
					};
				};
			};
			buildConfigurationList = 040952CC2965E66800A07BF2 /* Build configuration list for PBXProject "NamozVaqitlariAPI" */;
			compatibilityVersion = "Xcode 14.0";
			developmentRegion = en;
			hasScannedForEncodings = 0;
			knownRegions = (
				en,
				Base,
			);
			mainGroup = 040952C82965E66800A07BF2;
			productRefGroup = 040952D22965E66800A07BF2 /* Products */;
			projectDirPath = "";
			projectRoot = "";
			targets = (
				040952D02965E66800A07BF2 /* NamozVaqitlariAPI */,
			);
		};
/* End PBXProject section */

/* Begin PBXResourcesBuildPhase section */
		040952CF2965E66800A07BF2 /* Resources */ = {
			isa = PBXResourcesBuildPhase;
			buildActionMask = 2147483647;
			files = (
				040952E42965E66A00A07BF2 /* LaunchScreen.storyboard in Resources */,
				040952E12965E66A00A07BF2 /* Assets.xcassets in Resources */,
				040952DC2965E66800A07BF2 /* Main.storyboard in Resources */,
			);
			runOnlyForDeploymentPostprocessing = 0;
		};
/* End PBXResourcesBuildPhase section */

/* Begin PBXShellScriptBuildPhase section */
		3E22215E325EE799DF0853A4 /* [CP] Embed Pods Frameworks */ = {
			isa = PBXShellScriptBuildPhase;
			buildActionMask = 2147483647;
			files = (
			);
			inputFileListPaths = (
				"${PODS_ROOT}/Target Support Files/Pods-NamozVaqitlariAPI/Pods-NamozVaqitlariAPI-frameworks-${CONFIGURATION}-input-files.xcfilelist",
			);
			name = "[CP] Embed Pods Frameworks";
			outputFileListPaths = (
				"${PODS_ROOT}/Target Support Files/Pods-NamozVaqitlariAPI/Pods-NamozVaqitlariAPI-frameworks-${CONFIGURATION}-output-files.xcfilelist",
			);
			runOnlyForDeploymentPostprocessing = 0;
			shellPath = /bin/sh;
			shellScript = "\"${PODS_ROOT}/Target Support Files/Pods-NamozVaqitlariAPI/Pods-NamozVaqitlariAPI-frameworks.sh\"\n";
			showEnvVarsInLog = 0;
		};
		9A80D51B798B04CB331467C3 /* [CP] Check Pods Manifest.lock */ = {
			isa = PBXShellScriptBuildPhase;
			buildActionMask = 2147483647;
			files = (
			);
			inputFileListPaths = (
			);
			inputPaths = (
				"${PODS_PODFILE_DIR_PATH}/Podfile.lock",
				"${PODS_ROOT}/Manifest.lock",
			);
			name = "[CP] Check Pods Manifest.lock";
			outputFileListPaths = (
			);
			outputPaths = (
				"$(DERIVED_FILE_DIR)/Pods-NamozVaqitlariAPI-checkManifestLockResult.txt",
			);
			runOnlyForDeploymentPostprocessing = 0;
			shellPath = /bin/sh;
			shellScript = "diff \"${PODS_PODFILE_DIR_PATH}/Podfile.lock\" \"${PODS_ROOT}/Manifest.lock\" > /dev/null\nif [ $? != 0 ] ; then\n    # print error to STDERR\n    echo \"error: The sandbox is not in sync with the Podfile.lock. Run 'pod install' or update your CocoaPods installation.\" >&2\n    exit 1\nfi\n# This output is used by Xcode 'outputs' to avoid re-running this script phase.\necho \"SUCCESS\" > \"${SCRIPT_OUTPUT_FILE_0}\"\n";
			showEnvVarsInLog = 0;
		};
/* End PBXShellScriptBuildPhase section */

/* Begin PBXSourcesBuildPhase section */
		040952CD2965E66800A07BF2 /* Sources */ = {
			isa = PBXSourcesBuildPhase;
			buildActionMask = 2147483647;
			files = (
				040952F029669D9600A07BF2 /* DataModel.swift in Sources */,
				040952D92965E66800A07BF2 /* ViewController.swift in Sources */,
				040952D52965E66800A07BF2 /* AppDelegate.swift in Sources */,
				040952DF2965E66800A07BF2 /* NamozVaqitlariAPI.xcdatamodeld in Sources */,
				040952D72965E66800A07BF2 /* SceneDelegate.swift in Sources */,
			);
			runOnlyForDeploymentPostprocessing = 0;
		};
/* End PBXSourcesBuildPhase section */

/* Begin PBXVariantGroup section */
		040952DA2965E66800A07BF2 /* Main.storyboard */ = {
			isa = PBXVariantGroup;
			children = (
				040952DB2965E66800A07BF2 /* Base */,
			);
			name = Main.storyboard;
			sourceTree = "<group>";
		};
		040952E22965E66A00A07BF2 /* LaunchScreen.storyboard */ = {
			isa = PBXVariantGroup;
			children = (
				040952E32965E66A00A07BF2 /* Base */,
			);
			name = LaunchScreen.storyboard;
			sourceTree = "<group>";
		};
/* End PBXVariantGroup section */

/* Begin XCBuildConfiguration section */
		040952E62965E66A00A07BF2 /* Debug */ = {
			isa = XCBuildConfiguration;
			buildSettings = {
				ALWAYS_SEARCH_USER_PATHS = NO;
				CLANG_ANALYZER_NONNULL = YES;
				CLANG_ANALYZER_NUMBER_OBJECT_CONVERSION = YES_AGGRESSIVE;
				CLANG_CXX_LANGUAGE_STANDARD = "gnu++20";
				CLANG_ENABLE_MODULES = YES;
				CLANG_ENABLE_OBJC_ARC = YES;
				CLANG_ENABLE_OBJC_WEAK = YES;
				CLANG_WARN_BLOCK_CAPTURE_AUTORELEASING = YES;
				CLANG_WARN_BOOL_CONVERSION = YES;
				CLANG_WARN_COMMA = YES;
				CLANG_WARN_CONSTANT_CONVERSION = YES;
				CLANG_WARN_DEPRECATED_OBJC_IMPLEMENTATIONS = YES;
				CLANG_WARN_DIRECT_OBJC_ISA_USAGE = YES_ERROR;
				CLANG_WARN_DOCUMENTATION_COMMENTS = YES;
				CLANG_WARN_EMPTY_BODY = YES;
				CLANG_WARN_ENUM_CONVERSION = YES;
				CLANG_WARN_INFINITE_RECURSION = YES;
				CLANG_WARN_INT_CONVERSION = YES;
				CLANG_WARN_NON_LITERAL_NULL_CONVERSION = YES;
				CLANG_WARN_OBJC_IMPLICIT_RETAIN_SELF = YES;
				CLANG_WARN_OBJC_LITERAL_CONVERSION = YES;
				CLANG_WARN_OBJC_ROOT_CLASS = YES_ERROR;
				CLANG_WARN_QUOTED_INCLUDE_IN_FRAMEWORK_HEADER = YES;
				CLANG_WARN_RANGE_LOOP_ANALYSIS = YES;
				CLANG_WARN_STRICT_PROTOTYPES = YES;
				CLANG_WARN_SUSPICIOUS_MOVE = YES;
				CLANG_WARN_UNGUARDED_AVAILABILITY = YES_AGGRESSIVE;
				CLANG_WARN_UNREACHABLE_CODE = YES;
				CLANG_WARN__DUPLICATE_METHOD_MATCH = YES;
				COPY_PHASE_STRIP = NO;
				DEBUG_INFORMATION_FORMAT = dwarf;
				ENABLE_STRICT_OBJC_MSGSEND = YES;
				ENABLE_TESTABILITY = YES;
				GCC_C_LANGUAGE_STANDARD = gnu11;
				GCC_DYNAMIC_NO_PIC = NO;
				GCC_NO_COMMON_BLOCKS = YES;
				GCC_OPTIMIZATION_LEVEL = 0;
				GCC_PREPROCESSOR_DEFINITIONS = (
					"DEBUG=1",
					"$(inherited)",
				);
				GCC_WARN_64_TO_32_BIT_CONVERSION = YES;
				GCC_WARN_ABOUT_RETURN_TYPE = YES_ERROR;
				GCC_WARN_UNDECLARED_SELECTOR = YES;
				GCC_WARN_UNINITIALIZED_AUTOS = YES_AGGRESSIVE;
				GCC_WARN_UNUSED_FUNCTION = YES;
				GCC_WARN_UNUSED_VARIABLE = YES;
				IPHONEOS_DEPLOYMENT_TARGET = 16.2;
				MTL_ENABLE_DEBUG_INFO = INCLUDE_SOURCE;
				MTL_FAST_MATH = YES;
				ONLY_ACTIVE_ARCH = YES;
				SDKROOT = iphoneos;
				SWIFT_ACTIVE_COMPILATION_CONDITIONS = DEBUG;
				SWIFT_OPTIMIZATION_LEVEL = "-Onone";
			};
			name = Debug;
		};
		040952E72965E66A00A07BF2 /* Release */ = {
			isa = XCBuildConfiguration;
			buildSettings = {
				ALWAYS_SEARCH_USER_PATHS = NO;
				CLANG_ANALYZER_NONNULL = YES;
				CLANG_ANALYZER_NUMBER_OBJECT_CONVERSION = YES_AGGRESSIVE;
				CLANG_CXX_LANGUAGE_STANDARD = "gnu++20";
				CLANG_ENABLE_MODULES = YES;
				CLANG_ENABLE_OBJC_ARC = YES;
				CLANG_ENABLE_OBJC_WEAK = YES;
				CLANG_WARN_BLOCK_CAPTURE_AUTORELEASING = YES;
				CLANG_WARN_BOOL_CONVERSION = YES;
				CLANG_WARN_COMMA = YES;
				CLANG_WARN_CONSTANT_CONVERSION = YES;
				CLANG_WARN_DEPRECATED_OBJC_IMPLEMENTATIONS = YES;
				CLANG_WARN_DIRECT_OBJC_ISA_USAGE = YES_ERROR;
				CLANG_WARN_DOCUMENTATION_COMMENTS = YES;
				CLANG_WARN_EMPTY_BODY = YES;
				CLANG_WARN_ENUM_CONVERSION = YES;
				CLANG_WARN_INFINITE_RECURSION = YES;
				CLANG_WARN_INT_CONVERSION = YES;
				CLANG_WARN_NON_LITERAL_NULL_CONVERSION = YES;
				CLANG_WARN_OBJC_IMPLICIT_RETAIN_SELF = YES;
				CLANG_WARN_OBJC_LITERAL_CONVERSION = YES;
				CLANG_WARN_OBJC_ROOT_CLASS = YES_ERROR;
				CLANG_WARN_QUOTED_INCLUDE_IN_FRAMEWORK_HEADER = YES;
				CLANG_WARN_RANGE_LOOP_ANALYSIS = YES;
				CLANG_WARN_STRICT_PROTOTYPES = YES;
				CLANG_WARN_SUSPICIOUS_MOVE = YES;
				CLANG_WARN_UNGUARDED_AVAILABILITY = YES_AGGRESSIVE;
				CLANG_WARN_UNREACHABLE_CODE = YES;
				CLANG_WARN__DUPLICATE_METHOD_MATCH = YES;
				COPY_PHASE_STRIP = NO;
				DEBUG_INFORMATION_FORMAT = "dwarf-with-dsym";
				ENABLE_NS_ASSERTIONS = NO;
				ENABLE_STRICT_OBJC_MSGSEND = YES;
				GCC_C_LANGUAGE_STANDARD = gnu11;
				GCC_NO_COMMON_BLOCKS = YES;
				GCC_WARN_64_TO_32_BIT_CONVERSION = YES;
				GCC_WARN_ABOUT_RETURN_TYPE = YES_ERROR;
				GCC_WARN_UNDECLARED_SELECTOR = YES;
				GCC_WARN_UNINITIALIZED_AUTOS = YES_AGGRESSIVE;
				GCC_WARN_UNUSED_FUNCTION = YES;
				GCC_WARN_UNUSED_VARIABLE = YES;
				IPHONEOS_DEPLOYMENT_TARGET = 16.2;
				MTL_ENABLE_DEBUG_INFO = NO;
				MTL_FAST_MATH = YES;
				SDKROOT = iphoneos;
				SWIFT_COMPILATION_MODE = wholemodule;
				SWIFT_OPTIMIZATION_LEVEL = "-O";
				VALIDATE_PRODUCT = YES;
			};
			name = Release;
		};
		040952E92965E66A00A07BF2 /* Debug */ = {
			isa = XCBuildConfiguration;
			baseConfigurationReference = D4094E13BE88E4BA50399A74 /* Pods-NamozVaqitlariAPI.debug.xcconfig */;
			buildSettings = {
				ASSETCATALOG_COMPILER_APPICON_NAME = AppIcon;
				ASSETCATALOG_COMPILER_GLOBAL_ACCENT_COLOR_NAME = AccentColor;
				CODE_SIGN_STYLE = Automatic;
				CURRENT_PROJECT_VERSION = 1;
				DEVELOPMENT_TEAM = V2VQ3HD8ZX;
				GENERATE_INFOPLIST_FILE = YES;
				INFOPLIST_FILE = NamozVaqitlariAPI/Info.plist;
				INFOPLIST_KEY_UIApplicationSupportsIndirectInputEvents = YES;
				INFOPLIST_KEY_UILaunchStoryboardName = LaunchScreen;
				INFOPLIST_KEY_UIMainStoryboardFile = Main;
				INFOPLIST_KEY_UISupportedInterfaceOrientations_iPad = "UIInterfaceOrientationPortrait UIInterfaceOrientationPortraitUpsideDown UIInterfaceOrientationLandscapeLeft UIInterfaceOrientationLandscapeRight";
				INFOPLIST_KEY_UISupportedInterfaceOrientations_iPhone = "UIInterfaceOrientationPortrait UIInterfaceOrientationLandscapeLeft UIInterfaceOrientationLandscapeRight";
				LD_RUNPATH_SEARCH_PATHS = (
					"$(inherited)",
					"@executable_path/Frameworks",
				);
				MARKETING_VERSION = 1.0;
				PRODUCT_BUNDLE_IDENTIFIER = "Intejer-academy.NamozVaqitlariAPI";
				PRODUCT_NAME = "$(TARGET_NAME)";
				SWIFT_EMIT_LOC_STRINGS = YES;
				SWIFT_VERSION = 5.0;
				TARGETED_DEVICE_FAMILY = "1,2";
			};
			name = Debug;
		};
		040952EA2965E66A00A07BF2 /* Release */ = {
			isa = XCBuildConfiguration;
			baseConfigurationReference = 0E175B9A1E9B3D284904582D /* Pods-NamozVaqitlariAPI.release.xcconfig */;
			buildSettings = {
				ASSETCATALOG_COMPILER_APPICON_NAME = AppIcon;
				ASSETCATALOG_COMPILER_GLOBAL_ACCENT_COLOR_NAME = AccentColor;
				CODE_SIGN_STYLE = Automatic;
				CURRENT_PROJECT_VERSION = 1;
				DEVELOPMENT_TEAM = V2VQ3HD8ZX;
				GENERATE_INFOPLIST_FILE = YES;
				INFOPLIST_FILE = NamozVaqitlariAPI/Info.plist;
				INFOPLIST_KEY_UIApplicationSupportsIndirectInputEvents = YES;
				INFOPLIST_KEY_UILaunchStoryboardName = LaunchScreen;
				INFOPLIST_KEY_UIMainStoryboardFile = Main;
				INFOPLIST_KEY_UISupportedInterfaceOrientations_iPad = "UIInterfaceOrientationPortrait UIInterfaceOrientationPortraitUpsideDown UIInterfaceOrientationLandscapeLeft UIInterfaceOrientationLandscapeRight";
				INFOPLIST_KEY_UISupportedInterfaceOrientations_iPhone = "UIInterfaceOrientationPortrait UIInterfaceOrientationLandscapeLeft UIInterfaceOrientationLandscapeRight";
				LD_RUNPATH_SEARCH_PATHS = (
					"$(inherited)",
					"@executable_path/Frameworks",
				);
				MARKETING_VERSION = 1.0;
				PRODUCT_BUNDLE_IDENTIFIER = "Intejer-academy.NamozVaqitlariAPI";
				PRODUCT_NAME = "$(TARGET_NAME)";
				SWIFT_EMIT_LOC_STRINGS = YES;
				SWIFT_VERSION = 5.0;
				TARGETED_DEVICE_FAMILY = "1,2";
			};
			name = Release;
		};
/* End XCBuildConfiguration section */

/* Begin XCConfigurationList section */
		040952CC2965E66800A07BF2 /* Build configuration list for PBXProject "NamozVaqitlariAPI" */ = {
			isa = XCConfigurationList;
			buildConfigurations = (
				040952E62965E66A00A07BF2 /* Debug */,
				040952E72965E66A00A07BF2 /* Release */,
			);
			defaultConfigurationIsVisible = 0;
			defaultConfigurationName = Release;
		};
		040952E82965E66A00A07BF2 /* Build configuration list for PBXNativeTarget "NamozVaqitlariAPI" */ = {
			isa = XCConfigurationList;
			buildConfigurations = (
				040952E92965E66A00A07BF2 /* Debug */,
				040952EA2965E66A00A07BF2 /* Release */,
			);
			defaultConfigurationIsVisible = 0;
			defaultConfigurationName = Release;
		};
/* End XCConfigurationList section */

/* Begin XCVersionGroup section */
		040952DD2965E66800A07BF2 /* NamozVaqitlariAPI.xcdatamodeld */ = {
			isa = XCVersionGroup;
			children = (
				040952DE2965E66800A07BF2 /* NamozVaqitlariAPI.xcdatamodel */,
			);
			currentVersion = 040952DE2965E66800A07BF2 /* NamozVaqitlariAPI.xcdatamodel */;
			path = NamozVaqitlariAPI.xcdatamodeld;
			sourceTree = "<group>";
			versionGroupType = wrapper.xcdatamodel;
		};
/* End XCVersionGroup section */
	};
	rootObject = 040952C92965E66800A07BF2 /* Project object */;
}
